
Microsoft Visual Studio Solution File, Format Version 12.00
# Visual Studio Version 17
VisualStudioVersion = 17.1.32210.238
MinimumVisualStudioVersion = 10.0.40219.1
Project("{FAE04EC0-301F-11D3-BF4B-00C04F79EFBC}") = "CCC", "CCC.csproj", "{E9C503EB-E2C0-4CBE-95CA-AF0AA860DFBA}"
EndProject
Global
	GlobalSection(SolutionConfigurationPlatforms) = preSolution
		Debug|Any CPU = Debug|Any CPU
		Release|Any CPU = Release|Any CPU
	EndGlobalSection
	GlobalSection(ProjectConfigurationPlatforms) = postSolution
		{E9C503EB-E2C0-4CBE-95CA-AF0AA860DFBA}.Debug|Any CPU.ActiveCfg = Debug|Any CPU
		{E9C503EB-E2C0-4CBE-95CA-AF0AA860DFBA}.Debug|Any CPU.Build.0 = Debug|Any CPU
		{E9C503EB-E2C0-4CBE-95CA-AF0AA860DFBA}.Release|Any CPU.ActiveCfg = Release|Any CPU
		{E9C503EB-E2C0-4CBE-95CA-AF0AA860DFBA}.Release|Any CPU.Build.0 = Release|Any CPU
	EndGlobalSection
	GlobalSection(SolutionProperties) = preSolution
		HideSolutionNode = FALSE
	EndGlobalSection
	GlobalSection(ExtensibilityGlobals) = postSolution
		SolutionGuid = {0CE2AB71-81EC-49D5-9862-D093768029AC}
	EndGlobalSection
EndGlobal
